
Microsoft Visual Studio Solution File, Format Version 12.00
# Visual Studio 15
VisualStudioVersion = 15.0.27130.2024
MinimumVisualStudioVersion = 10.0.40219.1
Project("{FAE04EC0-301F-11D3-BF4B-00C04F79EFBC}") = "Tree", "Tree\Tree.csproj", "{8BA7C1C3-0378-4C60-83F9-ED58FB81B3FF}"
EndProject
Global
	GlobalSection(SolutionConfigurationPlatforms) = preSolution
		Debug|Any CPU = Debug|Any CPU
		Release|Any CPU = Release|Any CPU
	EndGlobalSection
	GlobalSection(ProjectConfigurationPlatforms) = postSolution
		{8BA7C1C3-0378-4C60-83F9-ED58FB81B3FF}.Debug|Any CPU.ActiveCfg = Debug|Any CPU
		{8BA7C1C3-0378-4C60-83F9-ED58FB81B3FF}.Debug|Any CPU.Build.0 = Debug|Any CPU
		{8BA7C1C3-0378-4C60-83F9-ED58FB81B3FF}.Release|Any CPU.ActiveCfg = Release|Any CPU
		{8BA7C1C3-0378-4C60-83F9-ED58FB81B3FF}.Release|Any CPU.Build.0 = Release|Any CPU
	EndGlobalSection
	GlobalSection(SolutionProperties) = preSolution
		HideSolutionNode = FALSE
	EndGlobalSection
	GlobalSection(ExtensibilityGlobals) = postSolution
		SolutionGuid = {ED4E7B72-CDED-490B-B2A3-EEA9EB8AFA21}
	EndGlobalSection
EndGlobal
